
Microsoft Visual Studio Solution File, Format Version 12.00
# Visual Studio Version 17
VisualStudioVersion = 17.2.32630.192
MinimumVisualStudioVersion = 10.0.40219.1
Project("{FAE04EC0-301F-11D3-BF4B-00C04F79EFBC}") = "MVCCountriesLab", "MVCCountriesLab\MVCCountriesLab.csproj", "{26B35944-3874-4978-8667-4F2EA18A0FEB}"
EndProject
Global
	GlobalSection(SolutionConfigurationPlatforms) = preSolution
		Debug|Any CPU = Debug|Any CPU
		Release|Any CPU = Release|Any CPU
	EndGlobalSection
	GlobalSection(ProjectConfigurationPlatforms) = postSolution
		{26B35944-3874-4978-8667-4F2EA18A0FEB}.Debug|Any CPU.ActiveCfg = Debug|Any CPU
		{26B35944-3874-4978-8667-4F2EA18A0FEB}.Debug|Any CPU.Build.0 = Debug|Any CPU
		{26B35944-3874-4978-8667-4F2EA18A0FEB}.Release|Any CPU.ActiveCfg = Release|Any CPU
		{26B35944-3874-4978-8667-4F2EA18A0FEB}.Release|Any CPU.Build.0 = Release|Any CPU
	EndGlobalSection
	GlobalSection(SolutionProperties) = preSolution
		HideSolutionNode = FALSE
	EndGlobalSection
	GlobalSection(ExtensibilityGlobals) = postSolution
		SolutionGuid = {C821D4B3-B529-4E5B-9E63-3C3B36B38FF2}
	EndGlobalSection
EndGlobal
